{
  "originHash" : "cad231cb016388bcaa50b87e3dc43df96e403b61521041703e6653ab8c7755eb",
  "pins" : [
    {
      "identity" : "capacitor-swift-pm",
      "kind" : "remoteSourceControl",
      "location" : "https://github.com/ionic-team/capacitor-swift-pm.git",
      "state" : {
        "revision" : "44ae2505f54a80c5e559533950886d0644fc2fca",
        "version" : "8.4.0"
      }
    }
  ],
  "version" : 3
}
